lockfileVersion: 5.3

specifiers:
  axios: 0.21.4
  bufferutil: ^4.0.5
  chalk: ^4.1.2
  discord-embedbuilder: github:gingkathfox/discord-embedbuilder#d74f655
  discord.js: ^13.3.1
  node-wrap: github:GingkathFox/Node-Wrap
  numeral: ^2.0.6
  pokedex-promise-v2: ^3.3.2
  utf-8-validate: ^5.0.7
  zlib-sync: ^0.1.7

dependencies:
  axios: 0.21.4
  bufferutil: 4.0.5
  chalk: 4.1.2
  discord-embedbuilder: github.com/gingkathfox/discord-embedbuilder/d74f655_5971b5a749a91823f5467a6d31a2f8b3
  discord.js: 13.3.1_5971b5a749a91823f5467a6d31a2f8b3
  node-wrap: github.com/GingkathFox/Node-Wrap/54a15923481dfc898943f73821ef6dd404c4f23a
  numeral: 2.0.6
  pokedex-promise-v2: 3.3.2
  utf-8-validate: 5.0.7
  zlib-sync: 0.1.7

packages:

  /@discordjs/builders/0.8.2:
    resolution: {integrity: sha512-/YRd11SrcluqXkKppq/FAVzLIPRVlIVmc6X8ZklspzMIHDtJ+A4W37D43SHvLdH//+NnK+SHW/WeOF4Ts54PeQ==}
    engines: {node: '>=16.0.0', npm: '>=7.0.0'}
    dependencies:
      '@sindresorhus/is': 4.2.0
      discord-api-types: 0.24.0
      ow: 0.27.0
      ts-mixer: 6.0.0
      tslib: 2.3.1
    dev: false

  /@discordjs/collection/0.3.2:
    resolution: {integrity: sha512-dMjLl60b2DMqObbH1MQZKePgWhsNe49XkKBZ0W5Acl5uVV43SN414i2QfZwRI7dXAqIn8pEWD2+XXQFn9KWxqg==}
    engines: {node: '>=16.0.0', npm: '>=7.0.0'}
    dev: false

  /@discordjs/form-data/3.0.1:
    resolution: {integrity: sha512-ZfFsbgEXW71Rw/6EtBdrP5VxBJy4dthyC0tpQKGKmYFImlmmrykO14Za+BiIVduwjte0jXEBlhSKf0MWbFp9Eg==}
    engines: {node: '>= 6'}
    dependencies:
      asynckit: 0.4.0
      combined-stream: 1.0.8
      mime-types: 2.1.34
    dev: false

  /@sapphire/async-queue/1.1.9:
    resolution: {integrity: sha512-CbXaGwwlEMq+l1TRu01FJCvySJ1CEFKFclHT48nIfNeZXaAAmmwwy7scUKmYHPUa3GhoMp6Qr1B3eAJux6XgOQ==}
    engines: {node: '>=v14.0.0', npm: '>=7.0.0'}
    dev: false

  /@sindresorhus/is/4.2.0:
    resolution: {integrity: sha512-VkE3KLBmJwcCaVARtQpfuKcKv8gcBmUubrfHGF84dXuuW6jgsRYxPtzcIhPyK9WAPpRt2/xY6zkD9MnRaJzSyw==}
    engines: {node: '>=10'}
    dev: false

  /@types/node-fetch/2.5.12:
    resolution: {integrity: sha512-MKgC4dlq4kKNa/mYrwpKfzQMB5X3ee5U6fSprkKpToBqBmX4nFZL9cW5jl6sWn+xpRJ7ypWh2yyqqr8UUCstSw==}
    dependencies:
      '@types/node': 16.11.7
      form-data: 3.0.1
    dev: false

  /@types/node/16.11.7:
    resolution: {integrity: sha512-QB5D2sqfSjCmTuWcBWyJ+/44bcjO7VbjSbOE0ucoVbAsSNQc4Lt6QkgkVXkTDwkL4z/beecZNDvVX15D4P8Jbw==}
    dev: false

  /@types/ws/8.2.0:
    resolution: {integrity: sha512-cyeefcUCgJlEk+hk2h3N+MqKKsPViQgF5boi9TTHSK+PoR9KWBb/C5ccPcDyAqgsbAYHTwulch725DV84+pSpg==}
    dependencies:
      '@types/node': 16.11.7
    dev: false

  /aggregate-error/3.1.0:
    resolution: {integrity: sha512-4I7Td01quW/RpocfNayFdFVk1qSuoh0E7JrbRJ16nH01HhKFQ88INq9Sd+nd72zqRySlr9BmDA8xlEJ6vJMrYA==}
    engines: {node: '>=8'}
    dependencies:
      clean-stack: 2.2.0
      indent-string: 4.0.0
    dev: false

  /ansi-styles/4.3.0:
    resolution: {integrity: sha512-zbB9rCJAT1rbjiVDb2hqKFHNYLxgtk8NURxZ3IZwD3F6NtxbXZQCnnSi1Lkx+IDohdPlFp222wVALIheZJQSEg==}
    engines: {node: '>=8'}
    dependencies:
      color-convert: 2.0.1
    dev: false

  /asynckit/0.4.0:
    resolution: {integrity: sha1-x57Zf380y48robyXkLzDZkdLS3k=}
    dev: false

  /axios/0.21.4:
    resolution: {integrity: sha512-ut5vewkiu8jjGBdqpM44XxjuCjq9LAKeHVmoVfHVzy8eHgxxq8SbAVQNovDA8mVi05kP0Ea/n/UzcSHcTJQfNg==}
    dependencies:
      follow-redirects: 1.14.5
    transitivePeerDependencies:
      - debug
    dev: false

  /bufferutil/4.0.5:
    resolution: {integrity: sha512-HTm14iMQKK2FjFLRTM5lAVcyaUzOnqbPtesFIvREgXpJHdQm8bWS+GkQgIkfaBYRHuCnea7w8UVNfwiAQhlr9A==}
    engines: {node: '>=6.14.2'}
    requiresBuild: true
    dependencies:
      node-gyp-build: 4.3.0
    dev: false

  /callsites/3.1.0:
    resolution: {integrity: sha512-P8BjAsXvZS+VIDUI11hHCQEv74YT67YUi5JJFNWIqL235sBmjX4+qx9Muvls5ivyNENctx46xQLQ3aTuE7ssaQ==}
    engines: {node: '>=6'}
    dev: false

  /chalk/4.1.2:
    resolution: {integrity: sha512-oKnbhFyRIXpUuez8iBMmyEa4nbj4IOQyuhc/wy9kY7/WVPcwIO9VA668Pu8RkO7+0G76SLROeyw9CpQ061i4mA==}
    engines: {node: '>=10'}
    dependencies:
      ansi-styles: 4.3.0
      supports-color: 7.2.0
    dev: false

  /clean-stack/2.2.0:
    resolution: {integrity: sha512-4diC9HaTE+KRAMWhDhrGOECgWZxoevMc5TlkObMqNSsVU62PYzXZ/SMTjzyGAFF1YusgxGcSWTEXBhp0CPwQ1A==}
    engines: {node: '>=6'}
    dev: false

  /color-convert/2.0.1:
    resolution: {integrity: sha512-RRECPsj7iu/xb5oKYcsFHSppFNnsj/52OVTRKb4zP5onXwVF3zVmmToNcOfGC+CRDpfK/U584fMg38ZHCaElKQ==}
    engines: {node: '>=7.0.0'}
    dependencies:
      color-name: 1.1.4
    dev: false

  /color-name/1.1.4:
    resolution: {integrity: sha512-dOy+3AuW3a2wNbZHIuMZpTcgjGuLU/uBL/ubcZF9OXbDo8ff4O8yVp5Bf0efS8uEoYo5q4Fx7dY9OgQGXgAsQA==}
    dev: false

  /combined-stream/1.0.8:
    resolution: {integrity: sha512-FQN4MRfuJeHf7cBbBMJFXhKSDq+2kAArBlmRBvcvFE5BB1HZKXtSFASDhdlz9zOYwxh8lDdnvmMOe/+5cdoEdg==}
    engines: {node: '>= 0.8'}
    dependencies:
      delayed-stream: 1.0.0
    dev: false

  /delayed-stream/1.0.0:
    resolution: {integrity: sha1-3zrhmayt+31ECqrgsp4icrJOxhk=}
    engines: {node: '>=0.4.0'}
    dev: false

  /discord-api-types/0.24.0:
    resolution: {integrity: sha512-X0uA2a92cRjowUEXpLZIHWl4jiX1NsUpDhcEOpa1/hpO1vkaokgZ8kkPtPih9hHth5UVQ3mHBu/PpB4qjyfJ4A==}
    engines: {node: '>=12'}
    dev: false

  /discord.js/13.3.1_5971b5a749a91823f5467a6d31a2f8b3:
    resolution: {integrity: sha512-zn4G8tL5+tMV00+0aSsVYNYcIfMSdT2g0nudKny+Ikd+XKv7m6bqI7n3Vji0GIRqXDr5ArPaw+iYFM2I1Iw3vg==}
    engines: {node: '>=16.6.0', npm: '>=7.0.0'}
    dependencies:
      '@discordjs/builders': 0.8.2
      '@discordjs/collection': 0.3.2
      '@discordjs/form-data': 3.0.1
      '@sapphire/async-queue': 1.1.9
      '@types/node-fetch': 2.5.12
      '@types/ws': 8.2.0
      discord-api-types: 0.24.0
      node-fetch: 2.6.6
      ws: 8.2.3_5971b5a749a91823f5467a6d31a2f8b3
    transitivePeerDependencies:
      - bufferutil
      - utf-8-validate
    dev: false

  /dot-prop/6.0.1:
    resolution: {integrity: sha512-tE7ztYzXHIeyvc7N+hR3oi7FIbf/NIjVP9hmAt3yMXzrQ072/fpjGLx2GxNxGxUl5V73MEqYzioOMoVhGMJ5cA==}
    engines: {node: '>=10'}
    dependencies:
      is-obj: 2.0.0
    dev: false

  /follow-redirects/1.14.5:
    resolution: {integrity: sha512-wtphSXy7d4/OR+MvIFbCVBDzZ5520qV8XfPklSN5QtxuMUJZ+b0Wnst1e1lCDocfzuCkHqj8k0FpZqO+UIaKNA==}
    engines: {node: '>=4.0'}
    peerDependencies:
      debug: '*'
    peerDependenciesMeta:
      debug:
        optional: true
    dev: false

  /form-data/3.0.1:
    resolution: {integrity: sha512-RHkBKtLWUVwd7SqRIvCZMEvAMoGUp0XU+seQiZejj0COz3RI3hWP4sCv3gZWWLjJTd7rGwcsF5eKZGii0r/hbg==}
    engines: {node: '>= 6'}
    dependencies:
      asynckit: 0.4.0
      combined-stream: 1.0.8
      mime-types: 2.1.34
    dev: false

  /has-flag/4.0.0:
    resolution: {integrity: sha512-EykJT/Q1KjTWctppgIAgfSO0tKVuZUjhgMr17kqTumMl6Afv3EISleU7qZUzoXDFTAHTDC4NOoG/ZxU3EvlMPQ==}
    engines: {node: '>=8'}
    dev: false

  /indent-string/4.0.0:
    resolution: {integrity: sha512-EdDDZu4A2OyIK7Lr/2zG+w5jmbuk1DVBnEwREQvBzspBJkCEbRa8GxU1lghYcaGJCnRWibjDXlq779X1/y5xwg==}
    engines: {node: '>=8'}
    dev: false

  /is-obj/2.0.0:
    resolution: {integrity: sha512-drqDG3cbczxxEJRoOXcOjtdp1J/lyp1mNn0xaznRs8+muBhgQcrnbspox5X5fOw0HnMnbfDzvnEMEtqDEJEo8w==}
    engines: {node: '>=8'}
    dev: false

  /lodash.isequal/4.5.0:
    resolution: {integrity: sha1-QVxEePK8wwEgwizhDtMib30+GOA=}
    dev: false

  /memory-cache/0.2.0:
    resolution: {integrity: sha1-eJCwHVLADI68nVM+H46xfjA0hxo=}
    dev: false

  /mime-db/1.51.0:
    resolution: {integrity: sha512-5y8A56jg7XVQx2mbv1lu49NR4dokRnhZYTtL+KGfaa27uq4pSTXkwQkFJl4pkRMyNFz/EtYDSkiiEHx3F7UN6g==}
    engines: {node: '>= 0.6'}
    dev: false

  /mime-types/2.1.34:
    resolution: {integrity: sha512-6cP692WwGIs9XXdOO4++N+7qjqv0rqxxVvJ3VHPh/Sc9mVZcQP+ZGhkKiTvWMQRr2tbHkJP/Yn7Y0npb3ZBs4A==}
    engines: {node: '>= 0.6'}
    dependencies:
      mime-db: 1.51.0
    dev: false

  /nan/2.15.0:
    resolution: {integrity: sha512-8ZtvEnA2c5aYCZYd1cvgdnU6cqwixRoYg70xPLWUws5ORTa/lnw+u4amixRS/Ac5U5mQVgp9pnlSUnbNWFaWZQ==}
    dev: false

  /node-fetch/2.6.6:
    resolution: {integrity: sha512-Z8/6vRlTUChSdIgMa51jxQ4lrw/Jy5SOW10ObaA47/RElsAN2c5Pn8bTgFGWn/ibwzXTE8qwr1Yzx28vsecXEA==}
    engines: {node: 4.x || >=6.0.0}
    dependencies:
      whatwg-url: 5.0.0
    dev: false

  /node-gyp-build/4.3.0:
    resolution: {integrity: sha512-iWjXZvmboq0ja1pUGULQBexmxq8CV4xBhX7VDOTbL7ZR4FOowwY/VOtRxBN/yKxmdGoIp4j5ysNT4u3S2pDQ3Q==}
    hasBin: true
    dev: false

  /numeral/2.0.6:
    resolution: {integrity: sha1-StCAk21EPCVhrtnyGX7//iX05QY=}
    dev: false

  /ow/0.27.0:
    resolution: {integrity: sha512-SGnrGUbhn4VaUGdU0EJLMwZWSupPmF46hnTRII7aCLCrqixTAC5eKo8kI4/XXf1eaaI8YEVT+3FeGNJI9himAQ==}
    engines: {node: '>=12'}
    dependencies:
      '@sindresorhus/is': 4.2.0
      callsites: 3.1.0
      dot-prop: 6.0.1
      lodash.isequal: 4.5.0
      type-fest: 1.4.0
      vali-date: 1.0.0
    dev: false

  /p-map/4.0.0:
    resolution: {integrity: sha512-/bjOqmgETBYB5BoEeGVea8dmvHb2m9GLy1E9W43yeyfP6QQCZGFNa+XRceJEuDB6zqr+gKpIAmlLebMpykw/MQ==}
    engines: {node: '>=10'}
    dependencies:
      aggregate-error: 3.1.0
    dev: false

  /pokedex-promise-v2/3.3.2:
    resolution: {integrity: sha512-Jz6ayPmJKtvOxB+jxAvF0auQBkiphOHITDkUpexR55ncx5EfHd+UHNN1r6ROl5A5s9NFoZ5eZU6tgxPjbGnOMQ==}
    engines: {node: '>=10'}
    dependencies:
      axios: 0.21.4
      memory-cache: 0.2.0
      p-map: 4.0.0
    transitivePeerDependencies:
      - debug
    dev: false

  /supports-color/7.2.0:
    resolution: {integrity: sha512-qpCAvRl9stuOHveKsn7HncJRvv501qIacKzQlO/+Lwxc9+0q2wLyv4Dfvt80/DPn2pqOBsJdDiogXGR9+OvwRw==}
    engines: {node: '>=8'}
    dependencies:
      has-flag: 4.0.0
    dev: false

  /tr46/0.0.3:
    resolution: {integrity: sha1-gYT9NH2snNwYWZLzpmIuFLnZq2o=}
    dev: false

  /ts-mixer/6.0.0:
    resolution: {integrity: sha512-nXIb1fvdY5CBSrDIblLn73NW0qRDk5yJ0Sk1qPBF560OdJfQp9jhl+0tzcY09OZ9U+6GpeoI9RjwoIKFIoB9MQ==}
    dev: false

  /tslib/2.3.1:
    resolution: {integrity: sha512-77EbyPPpMz+FRFRuAFlWMtmgUWGe9UOG2Z25NqCwiIjRhOf5iKGuzSe5P2w1laq+FkRy4p+PCuVkJSGkzTEKVw==}
    dev: false

  /type-fest/1.4.0:
    resolution: {integrity: sha512-yGSza74xk0UG8k+pLh5oeoYirvIiWo5t0/o3zHHAO2tRDiZcxWP7fywNlXhqb6/r6sWvwi+RsyQMWhVLe4BVuA==}
    engines: {node: '>=10'}
    dev: false

  /utf-8-validate/5.0.7:
    resolution: {integrity: sha512-vLt1O5Pp+flcArHGIyKEQq883nBt8nN8tVBcoL0qUXj2XT1n7p70yGIq2VK98I5FdZ1YHc0wk/koOnHjnXWk1Q==}
    engines: {node: '>=6.14.2'}
    requiresBuild: true
    dependencies:
      node-gyp-build: 4.3.0
    dev: false

  /vali-date/1.0.0:
    resolution: {integrity: sha1-G5BKWWCfsyjvB4E4Qgk09rhnCaY=}
    engines: {node: '>=0.10.0'}
    dev: false

  /webidl-conversions/3.0.1:
    resolution: {integrity: sha1-JFNCdeKnvGvnvIZhHMFq4KVlSHE=}
    dev: false

  /whatwg-url/5.0.0:
    resolution: {integrity: sha1-lmRU6HZUYuN2RNNib2dCzotwll0=}
    dependencies:
      tr46: 0.0.3
      webidl-conversions: 3.0.1
    dev: false

  /ws/8.2.3_5971b5a749a91823f5467a6d31a2f8b3:
    resolution: {integrity: sha512-wBuoj1BDpC6ZQ1B7DWQBYVLphPWkm8i9Y0/3YdHjHKHiohOJ1ws+3OccDWtH+PoC9DZD5WOTrJvNbWvjS6JWaA==}
    engines: {node: '>=10.0.0'}
    peerDependencies:
      bufferutil: ^4.0.1
      utf-8-validate: ^5.0.2
    peerDependenciesMeta:
      bufferutil:
        optional: true
      utf-8-validate:
        optional: true
    dependencies:
      bufferutil: 4.0.5
      utf-8-validate: 5.0.7
    dev: false

  /zlib-sync/0.1.7:
    resolution: {integrity: sha512-UmciU6ZrIwtwPC8noMzq+kGMdiWwNRZ3wC0SbED4Ew5Ikqx14MqDPRs/Pbk+3rZPh5SzsOgUBs1WRE0iieddpg==}
    requiresBuild: true
    dependencies:
      nan: 2.15.0
    dev: false

  github.com/GingkathFox/Node-Wrap/54a15923481dfc898943f73821ef6dd404c4f23a:
    resolution: {tarball: https://codeload.github.com/GingkathFox/Node-Wrap/tar.gz/54a15923481dfc898943f73821ef6dd404c4f23a}
    name: node-wrap
    version: 0.3.0
    dev: false

  github.com/gingkathfox/discord-embedbuilder/d74f655_5971b5a749a91823f5467a6d31a2f8b3:
    resolution: {tarball: https://codeload.github.com/gingkathfox/discord-embedbuilder/tar.gz/d74f655}
    id: github.com/gingkathfox/discord-embedbuilder/d74f655
    name: discord-embedbuilder
    version: 3.3.0
    dependencies:
      discord.js: 13.3.1_5971b5a749a91823f5467a6d31a2f8b3
    transitivePeerDependencies:
      - bufferutil
      - utf-8-validate
    dev: false
